# This file is autogenerated, do not edit; changes may be undone by the next 'dep ensure'.


[[projects]]
  digest = "1:d351608f30adee8102a8130d159b068702202ea89588e68c7011baaa8437c3ef"
  name = "github.com/labstack/echo"
  packages = ["."]
  pruneopts = "UT"
  revision = "58366f93e60c740da21d86584ddbdad024d98a9e"
  version = "v4.4.0"

[[projects]]
  digest = "1:9bc108827ac1d8783dea294f1ef07732fa4ca7d6e20518c04888a85828eba4ce"
  name = "github.com/labstack/gommon"
  packages = [
    "color",
    "log",
  ]
  pruneopts = "UT"
  revision = "4919956f6fb227b548f004da27c7c6b20fba499f"
  version = "v0.3.0"

[[projects]]
  digest = "1:304d25ecc3f4ca39f894c959254d3f5fc6176276ccf1f874ded0cd441e2f964f"
  name = "github.com/mattn/go-colorable"
  packages = ["."]
  pruneopts = "UT"
  revision = "2e1b0c1546e0173c0907cf05c67b8ba29ed8b4d1"
  version = "v0.1.8"

[[projects]]
  digest = "1:f0d049b77e8f5a23aa89750a9f0da6417dc3abf0b7f3f35a161c1c5eb9f926a4"
  name = "github.com/mattn/go-isatty"
  packages = ["."]
  pruneopts = "UT"
  revision = "8b0c6d82fa8980f9bff874afff66860a0c3e9c5c"
  version = "v0.0.13"

[[projects]]
  digest = "1:c468422f334a6b46a19448ad59aaffdfc0a36b08fdcc1c749a0b29b6453d7e59"
  name = "github.com/valyala/bytebufferpool"
  packages = ["."]
  pruneopts = "UT"
  revision = "e746df99fe4a3986f4d4f79e13c1e0117ce9c2f7"
  version = "v1.0.0"

[[projects]]
  digest = "1:d724474523928294ece8cc97e8d2371f27c7e6d3068bfa9ace93bd3105b4fdbd"
  name = "github.com/valyala/fasttemplate"
  packages = ["."]
  pruneopts = "UT"
  revision = "2275c48ed3e40f01fa347e220be31070a89b6ad4"
  version = "v1.2.1"

[[projects]]
  branch = "master"
  digest = "1:699d068af7aaa15f3e0282632500301396f9a4b8181b12a1643aa49c0d78a7bc"
  name = "golang.org/x/crypto"
  packages = [
    "acme",
    "acme/autocert",
  ]
  pruneopts = "UT"
  revision = "a769d52b0f97a420f3dcafc17f8b3384217859a2"

[[projects]]
  branch = "master"
  digest = "1:c4eb20c32750feeec9fcef81cc943a86111f71545187ce2b4e3630a6bf4df9d0"
  name = "golang.org/x/net"
  packages = [
    "http/httpguts",
    "http2",
    "http2/h2c",
    "http2/hpack",
    "idna",
  ]
  pruneopts = "UT"
  revision = "c6fcb2dbf98596caad8f56c0c398c1c6ff1fcff9"

[[projects]]
  branch = "master"
  digest = "1:b3f1f29803b6cdf4882610bb4c74df41900e9c8b4b37b7d0231e25539275001c"
  name = "golang.org/x/sys"
  packages = [
    "internal/unsafeheader",
    "unix",
  ]
  pruneopts = "UT"
  revision = "0f9fa26af87c481a6877a4ca1330699ba9a30673"

[[projects]]
  digest = "1:d343bfab7897dd73ee9bf8172d1fc83d935b7512067856ed596aaf57a9345f3c"
  name = "golang.org/x/text"
  packages = [
    "collate",
    "collate/build",
    "internal/colltab",
    "internal/gen",
    "internal/language",
    "internal/language/compact",
    "internal/tag",
    "internal/triegen",
    "internal/ucd",
    "language",
    "secure/bidirule",
    "transform",
    "unicode/bidi",
    "unicode/cldr",
    "unicode/norm",
    "unicode/rangetable",
  ]
  pruneopts = "UT"
  revision = "e328d63cff14134669501e0e154e4f141c784322"
  version = "v0.3.6"

[solve-meta]
  analyzer-name = "dep"
  analyzer-version = 1
  input-imports = ["github.com/labstack/echo"]
  solver-name = "gps-cdcl"
  solver-version = 1
